// !$*UTF8*$!
{
	archiveVersion = 1;
	classes = {
	};
	objectVersion = 50;
	objects = {

/* Begin PBXBuildFile section */
		0476EDDA228643C700B6C55C /* GHDropMenuFilterTimeChoseItem.m in Sources */ = {isa = PBXBuildFile; fileRef = 0476EDD9228643C700B6C55C /* GHDropMenuFilterTimeChoseItem.m */; };
		0476EDE022864D9A00B6C55C /* GHCustomAlertView.m in Sources */ = {isa = PBXBuildFile; fileRef = 0476EDDE22864D9A00B6C55C /* GHCustomAlertView.m */; };
		D650CD8321C35E0D00EC004A /* ViewController.m in Sources */ = {isa = PBXBuildFile; fileRef = D650CD8221C35E0D00EC004A /* ViewController.m */; };
		D650CD8821C35E0E00EC004A /* Assets.xcassets in Resources */ = {isa = PBXBuildFile; fileRef = D650CD8721C35E0E00EC004A /* Assets.xcassets */; };
		D650CD8B21C35E0E00EC004A /* LaunchScreen.storyboard in Resources */ = {isa = PBXBuildFile; fileRef = D650CD8921C35E0E00EC004A /* LaunchScreen.storyboard */; };
		D6A4ECD721D7902F0053D14F /* GHComplexMenuViewController.m in Sources */ = {isa = PBXBuildFile; fileRef = D6A4ECD621D7902F0053D14F /* GHComplexMenuViewController.m */; };
		D6A4ECDD21D7909E0053D14F /* GHSlipMenuViewController.m in Sources */ = {isa = PBXBuildFile; fileRef = D6A4ECDC21D7909E0053D14F /* GHSlipMenuViewController.m */; };
		D6A4ECE021D791F70053D14F /* GHNormalMenuViewController.m in Sources */ = {isa = PBXBuildFile; fileRef = D6A4ECDF21D791F70053D14F /* GHNormalMenuViewController.m */; };
		D6A4ECE721D79F750053D14F /* GHSuspendHeader.m in Sources */ = {isa = PBXBuildFile; fileRef = D6A4ECE621D79F750053D14F /* GHSuspendHeader.m */; };
		D6A4ECEB21D7AD760053D14F /* GHBaseViewController.m in Sources */ = {isa = PBXBuildFile; fileRef = D6A4ECEA21D7AD760053D14F /* GHBaseViewController.m */; };
		D6A4ECEE21D7B2E30053D14F /* GHSuspendItem.m in Sources */ = {isa = PBXBuildFile; fileRef = D6A4ECED21D7B2E30053D14F /* GHSuspendItem.m */; };
		D6A4ECF821DA2E5C0053D14F /* GHMeituanFoodViewController.m in Sources */ = {isa = PBXBuildFile; fileRef = D6A4ECF721DA2E5C0053D14F /* GHMeituanFoodViewController.m */; };
		D6A4ED3121DA6B950053D14F /* main.m in Sources */ = {isa = PBXBuildFile; fileRef = D6A4ED3021DA6B950053D14F /* main.m */; };
		D6A4ED3321DA6C720053D14F /* AppDelegate.m in Sources */ = {isa = PBXBuildFile; fileRef = D650CD7F21C35E0D00EC004A /* AppDelegate.m */; };
		D6A4ED3521DA6ED70053D14F /* README.md in Resources */ = {isa = PBXBuildFile; fileRef = D6A4ED3421DA6ED70053D14F /* README.md */; };
		D6A4ED3821DA7E090053D14F /* GHBaseNavigationController.m in Sources */ = {isa = PBXBuildFile; fileRef = D6A4ED3721DA7E090053D14F /* GHBaseNavigationController.m */; };
		D6A4ED6321DCB8DA0053D14F /* GHCollectionReusableView.m in Sources */ = {isa = PBXBuildFile; fileRef = D6A4ED6221DCB8DA0053D14F /* GHCollectionReusableView.m */; };
		D6A4ED7521DF7B550053D14F /* UIView+Extension.m in Sources */ = {isa = PBXBuildFile; fileRef = D6A4ED7021DF7B550053D14F /* UIView+Extension.m */; };
		D6A4ED7621DF7B550053D14F /* NSString+Size.m in Sources */ = {isa = PBXBuildFile; fileRef = D6A4ED7121DF7B550053D14F /* NSString+Size.m */; };
		D6A4ED7721DF7B550053D14F /* NSArray+Bounds.m in Sources */ = {isa = PBXBuildFile; fileRef = D6A4ED7421DF7B550053D14F /* NSArray+Bounds.m */; };
		D6A4ED7A21DF7C120053D14F /* GHDropMenuTitleItem.m in Sources */ = {isa = PBXBuildFile; fileRef = D6A4ED7921DF7C120053D14F /* GHDropMenuTitleItem.m */; };
		D6A4ED7E21DF7CFB0053D14F /* GHDropMenuModel.m in Sources */ = {isa = PBXBuildFile; fileRef = D6A4ED7D21DF7CFB0053D14F /* GHDropMenuModel.m */; };
		D6A4ED8121DF801D0053D14F /* GHDropMenuOptionCell.m in Sources */ = {isa = PBXBuildFile; fileRef = D6A4ED8021DF801D0053D14F /* GHDropMenuOptionCell.m */; };
		D6A4ED8521DF819A0053D14F /* GHDropMenuFilterSectionHeader.m in Sources */ = {isa = PBXBuildFile; fileRef = D6A4ED8421DF819A0053D14F /* GHDropMenuFilterSectionHeader.m */; };
		D6A4ED8821DF839F0053D14F /* GHDropMenuFilterSingleInputItem.m in Sources */ = {isa = PBXBuildFile; fileRef = D6A4ED8721DF839F0053D14F /* GHDropMenuFilterSingleInputItem.m */; };
		D6A4ED8B21DF84560053D14F /* GHDropMenuFilterInputItem.m in Sources */ = {isa = PBXBuildFile; fileRef = D6A4ED8A21DF84560053D14F /* GHDropMenuFilterInputItem.m */; };
		D6A4ED8E21DF84ED0053D14F /* GHDropMenuFilterTagItem.m in Sources */ = {isa = PBXBuildFile; fileRef = D6A4ED8D21DF84ED0053D14F /* GHDropMenuFilterTagItem.m */; };
		D6A4ED9121DF97B50053D14F /* NSString+Arc4random.m in Sources */ = {isa = PBXBuildFile; fileRef = D6A4ED9021DF97B40053D14F /* NSString+Arc4random.m */; };
		D6A4ED9621E087140053D14F /* GHDropMenu.m in Sources */ = {isa = PBXBuildFile; fileRef = D650CDB221C35E6D00EC004A /* GHDropMenu.m */; };
		D6A4ED9721E0873B0053D14F /* GHSuspendViewController.m in Sources */ = {isa = PBXBuildFile; fileRef = D6A4ECE321D793720053D14F /* GHSuspendViewController.m */; };
		D6B85A8A21F36DF50082EE1D /* GHDropMenuWaterFallCell.m in Sources */ = {isa = PBXBuildFile; fileRef = D6B85A8921F36DF50082EE1D /* GHDropMenuWaterFallCell.m */; };
		D6D3396921E123F8005B86DB /* UILabel+GHome.m in Sources */ = {isa = PBXBuildFile; fileRef = D6D3396821E123F8005B86DB /* UILabel+GHome.m */; };
/* End PBXBuildFile section */

/* Begin PBXFileReference section */
		0476EDD8228643C700B6C55C /* GHDropMenuFilterTimeChoseItem.h */ = {isa = PBXFileReference; lastKnownFileType = sourcecode.c.h; path = GHDropMenuFilterTimeChoseItem.h; sourceTree = "<group>"; };
		0476EDD9228643C700B6C55C /* GHDropMenuFilterTimeChoseItem.m */ = {isa = PBXFileReference; lastKnownFileType = sourcecode.c.objc; path = GHDropMenuFilterTimeChoseItem.m; sourceTree = "<group>"; };
		0476EDDB22864D9A00B6C55C /* GHCustomAlertView.h */ = {isa = PBXFileReference; fileEncoding = 4; lastKnownFileType = sourcecode.c.h; path = GHCustomAlertView.h; sourceTree = "<group>"; };
		0476EDDE22864D9A00B6C55C /* GHCustomAlertView.m */ = {isa = PBXFileReference; fileEncoding = 4; lastKnownFileType = sourcecode.c.objc; path = GHCustomAlertView.m; sourceTree = "<group>"; };
		D650CD7B21C35E0D00EC004A /* GHDropMenuDemo.app */ = {isa = PBXFileReference; explicitFileType = wrapper.application; includeInIndex = 0; path = GHDropMenuDemo.app; sourceTree = BUILT_PRODUCTS_DIR; };
		D650CD7E21C35E0D00EC004A /* AppDelegate.h */ = {isa = PBXFileReference; lastKnownFileType = sourcecode.c.h; path = AppDelegate.h; sourceTree = "<group>"; };
		D650CD7F21C35E0D00EC004A /* AppDelegate.m */ = {isa = PBXFileReference; lastKnownFileType = sourcecode.c.objc; path = AppDelegate.m; sourceTree = "<group>"; };
		D650CD8121C35E0D00EC004A /* ViewController.h */ = {isa = PBXFileReference; lastKnownFileType = sourcecode.c.h; path = ViewController.h; sourceTree = "<group>"; };
		D650CD8221C35E0D00EC004A /* ViewController.m */ = {isa = PBXFileReference; lastKnownFileType = sourcecode.c.objc; path = ViewController.m; sourceTree = "<group>"; };
		D650CD8721C35E0E00EC004A /* Assets.xcassets */ = {isa = PBXFileReference; lastKnownFileType = folder.assetcatalog; path = Assets.xcassets; sourceTree = "<group>"; };
		D650CD8A21C35E0E00EC004A /* Base */ = {isa = PBXFileReference; lastKnownFileType = file.storyboard; name = Base; path = Base.lproj/LaunchScreen.storyboard; sourceTree = "<group>"; };
		D650CD8C21C35E0E00EC004A /* Info.plist */ = {isa = PBXFileReference; lastKnownFileType = text.plist.xml; path = Info.plist; sourceTree = "<group>"; };
		D650CDB121C35E6D00EC004A /* GHDropMenu.h */ = {isa = PBXFileReference; lastKnownFileType = sourcecode.c.h; path = GHDropMenu.h; sourceTree = "<group>"; };
		D650CDB221C35E6D00EC004A /* GHDropMenu.m */ = {isa = PBXFileReference; lastKnownFileType = sourcecode.c.objc; path = GHDropMenu.m; sourceTree = "<group>"; };
		D650CDB721C4E76B00EC004A /* GHDropMenuHeader.h */ = {isa = PBXFileReference; lastKnownFileType = sourcecode.c.h; path = GHDropMenuHeader.h; sourceTree = "<group>"; };
		D6A4ECD521D7902F0053D14F /* GHComplexMenuViewController.h */ = {isa = PBXFileReference; lastKnownFileType = sourcecode.c.h; path = GHComplexMenuViewController.h; sourceTree = "<group>"; };
		D6A4ECD621D7902F0053D14F /* GHComplexMenuViewController.m */ = {isa = PBXFileReference; lastKnownFileType = sourcecode.c.objc; path = GHComplexMenuViewController.m; sourceTree = "<group>"; };
		D6A4ECDB21D7909E0053D14F /* GHSlipMenuViewController.h */ = {isa = PBXFileReference; lastKnownFileType = sourcecode.c.h; path = GHSlipMenuViewController.h; sourceTree = "<group>"; };
		D6A4ECDC21D7909E0053D14F /* GHSlipMenuViewController.m */ = {isa = PBXFileReference; lastKnownFileType = sourcecode.c.objc; path = GHSlipMenuViewController.m; sourceTree = "<group>"; };
		D6A4ECDE21D791F70053D14F /* GHNormalMenuViewController.h */ = {isa = PBXFileReference; lastKnownFileType = sourcecode.c.h; path = GHNormalMenuViewController.h; sourceTree = "<group>"; };
		D6A4ECDF21D791F70053D14F /* GHNormalMenuViewController.m */ = {isa = PBXFileReference; lastKnownFileType = sourcecode.c.objc; path = GHNormalMenuViewController.m; sourceTree = "<group>"; };
		D6A4ECE221D793720053D14F /* GHSuspendViewController.h */ = {isa = PBXFileReference; lastKnownFileType = sourcecode.c.h; path = GHSuspendViewController.h; sourceTree = "<group>"; };
		D6A4ECE321D793720053D14F /* GHSuspendViewController.m */ = {isa = PBXFileReference; lastKnownFileType = sourcecode.c.objc; path = GHSuspendViewController.m; sourceTree = "<group>"; };
		D6A4ECE521D79F750053D14F /* GHSuspendHeader.h */ = {isa = PBXFileReference; lastKnownFileType = sourcecode.c.h; path = GHSuspendHeader.h; sourceTree = "<group>"; };
		D6A4ECE621D79F750053D14F /* GHSuspendHeader.m */ = {isa = PBXFileReference; lastKnownFileType = sourcecode.c.objc; path = GHSuspendHeader.m; sourceTree = "<group>"; };
		D6A4ECE921D7AD760053D14F /* GHBaseViewController.h */ = {isa = PBXFileReference; lastKnownFileType = sourcecode.c.h; path = GHBaseViewController.h; sourceTree = "<group>"; };
		D6A4ECEA21D7AD760053D14F /* GHBaseViewController.m */ = {isa = PBXFileReference; lastKnownFileType = sourcecode.c.objc; path = GHBaseViewController.m; sourceTree = "<group>"; };
		D6A4ECEC21D7B2E30053D14F /* GHSuspendItem.h */ = {isa = PBXFileReference; lastKnownFileType = sourcecode.c.h; path = GHSuspendItem.h; sourceTree = "<group>"; };
		D6A4ECED21D7B2E30053D14F /* GHSuspendItem.m */ = {isa = PBXFileReference; lastKnownFileType = sourcecode.c.objc; path = GHSuspendItem.m; sourceTree = "<group>"; };
		D6A4ECF621DA2E5C0053D14F /* GHMeituanFoodViewController.h */ = {isa = PBXFileReference; lastKnownFileType = sourcecode.c.h; path = GHMeituanFoodViewController.h; sourceTree = "<group>"; };
		D6A4ECF721DA2E5C0053D14F /* GHMeituanFoodViewController.m */ = {isa = PBXFileReference; lastKnownFileType = sourcecode.c.objc; path = GHMeituanFoodViewController.m; sourceTree = "<group>"; };
		D6A4ED3021DA6B950053D14F /* main.m */ = {isa = PBXFileReference; fileEncoding = 4; lastKnownFileType = sourcecode.c.objc; path = main.m; sourceTree = "<group>"; };
		D6A4ED3421DA6ED70053D14F /* README.md */ = {isa = PBXFileReference; fileEncoding = 4; lastKnownFileType = net.daringfireball.markdown; path = README.md; sourceTree = SOURCE_ROOT; };
		D6A4ED3621DA7E090053D14F /* GHBaseNavigationController.h */ = {isa = PBXFileReference; lastKnownFileType = sourcecode.c.h; path = GHBaseNavigationController.h; sourceTree = "<group>"; };
		D6A4ED3721DA7E090053D14F /* GHBaseNavigationController.m */ = {isa = PBXFileReference; lastKnownFileType = sourcecode.c.objc; path = GHBaseNavigationController.m; sourceTree = "<group>"; };
		D6A4ED6121DCB8DA0053D14F /* GHCollectionReusableView.h */ = {isa = PBXFileReference; lastKnownFileType = sourcecode.c.h; path = GHCollectionReusableView.h; sourceTree = "<group>"; };
		D6A4ED6221DCB8DA0053D14F /* GHCollectionReusableView.m */ = {isa = PBXFileReference; lastKnownFileType = sourcecode.c.objc; path = GHCollectionReusableView.m; sourceTree = "<group>"; };
		D6A4ED6F21DF7B550053D14F /* NSString+Size.h */ = {isa = PBXFileReference; fileEncoding = 4; lastKnownFileType = sourcecode.c.h; path = "NSString+Size.h"; sourceTree = "<group>"; };
		D6A4ED7021DF7B550053D14F /* UIView+Extension.m */ = {isa = PBXFileReference; fileEncoding = 4; lastKnownFileType = sourcecode.c.objc; path = "UIView+Extension.m"; sourceTree = "<group>"; };
		D6A4ED7121DF7B550053D14F /* NSString+Size.m */ = {isa = PBXFileReference; fileEncoding = 4; lastKnownFileType = sourcecode.c.objc; path = "NSString+Size.m"; sourceTree = "<group>"; };
		D6A4ED7221DF7B550053D14F /* NSArray+Bounds.h */ = {isa = PBXFileReference; fileEncoding = 4; lastKnownFileType = sourcecode.c.h; path = "NSArray+Bounds.h"; sourceTree = "<group>"; };
		D6A4ED7321DF7B550053D14F /* UIView+Extension.h */ = {isa = PBXFileReference; fileEncoding = 4; lastKnownFileType = sourcecode.c.h; path = "UIView+Extension.h"; sourceTree = "<group>"; };
		D6A4ED7421DF7B550053D14F /* NSArray+Bounds.m */ = {isa = PBXFileReference; fileEncoding = 4; lastKnownFileType = sourcecode.c.objc; path = "NSArray+Bounds.m"; sourceTree = "<group>"; };
		D6A4ED7821DF7C120053D14F /* GHDropMenuTitleItem.h */ = {isa = PBXFileReference; lastKnownFileType = sourcecode.c.h; path = GHDropMenuTitleItem.h; sourceTree = "<group>"; };
		D6A4ED7921DF7C120053D14F /* GHDropMenuTitleItem.m */ = {isa = PBXFileReference; lastKnownFileType = sourcecode.c.objc; path = GHDropMenuTitleItem.m; sourceTree = "<group>"; };
		D6A4ED7C21DF7CFB0053D14F /* GHDropMenuModel.h */ = {isa = PBXFileReference; lastKnownFileType = sourcecode.c.h; path = GHDropMenuModel.h; sourceTree = "<group>"; };
		D6A4ED7D21DF7CFB0053D14F /* GHDropMenuModel.m */ = {isa = PBXFileReference; lastKnownFileType = sourcecode.c.objc; path = GHDropMenuModel.m; sourceTree = "<group>"; };
		D6A4ED7F21DF801D0053D14F /* GHDropMenuOptionCell.h */ = {isa = PBXFileReference; lastKnownFileType = sourcecode.c.h; path = GHDropMenuOptionCell.h; sourceTree = "<group>"; };
		D6A4ED8021DF801D0053D14F /* GHDropMenuOptionCell.m */ = {isa = PBXFileReference; lastKnownFileType = sourcecode.c.objc; path = GHDropMenuOptionCell.m; sourceTree = "<group>"; };
		D6A4ED8321DF819A0053D14F /* GHDropMenuFilterSectionHeader.h */ = {isa = PBXFileReference; lastKnownFileType = sourcecode.c.h; path = GHDropMenuFilterSectionHeader.h; sourceTree = "<group>"; };
		D6A4ED8421DF819A0053D14F /* GHDropMenuFilterSectionHeader.m */ = {isa = PBXFileReference; lastKnownFileType = sourcecode.c.objc; path = GHDropMenuFilterSectionHeader.m; sourceTree = "<group>"; };
		D6A4ED8621DF839F0053D14F /* GHDropMenuFilterSingleInputItem.h */ = {isa = PBXFileReference; lastKnownFileType = sourcecode.c.h; path = GHDropMenuFilterSingleInputItem.h; sourceTree = "<group>"; };
		D6A4ED8721DF839F0053D14F /* GHDropMenuFilterSingleInputItem.m */ = {isa = PBXFileReference; lastKnownFileType = sourcecode.c.objc; path = GHDropMenuFilterSingleInputItem.m; sourceTree = "<group>"; };
		D6A4ED8921DF84560053D14F /* GHDropMenuFilterInputItem.h */ = {isa = PBXFileReference; lastKnownFileType = sourcecode.c.h; path = GHDropMenuFilterInputItem.h; sourceTree = "<group>"; };
		D6A4ED8A21DF84560053D14F /* GHDropMenuFilterInputItem.m */ = {isa = PBXFileReference; lastKnownFileType = sourcecode.c.objc; path = GHDropMenuFilterInputItem.m; sourceTree = "<group>"; };
		D6A4ED8C21DF84ED0053D14F /* GHDropMenuFilterTagItem.h */ = {isa = PBXFileReference; lastKnownFileType = sourcecode.c.h; path = GHDropMenuFilterTagItem.h; sourceTree = "<group>"; };
		D6A4ED8D21DF84ED0053D14F /* GHDropMenuFilterTagItem.m */ = {isa = PBXFileReference; lastKnownFileType = sourcecode.c.objc; path = GHDropMenuFilterTagItem.m; sourceTree = "<group>"; };
		D6A4ED8F21DF97B40053D14F /* NSString+Arc4random.h */ = {isa = PBXFileReference; fileEncoding = 4; lastKnownFileType = sourcecode.c.h; path = "NSString+Arc4random.h"; sourceTree = "<group>"; };
		D6A4ED9021DF97B40053D14F /* NSString+Arc4random.m */ = {isa = PBXFileReference; fileEncoding = 4; lastKnownFileType = sourcecode.c.objc; path = "NSString+Arc4random.m"; sourceTree = "<group>"; };
		D6B85A8821F36DF50082EE1D /* GHDropMenuWaterFallCell.h */ = {isa = PBXFileReference; lastKnownFileType = sourcecode.c.h; path = GHDropMenuWaterFallCell.h; sourceTree = "<group>"; };
		D6B85A8921F36DF50082EE1D /* GHDropMenuWaterFallCell.m */ = {isa = PBXFileReference; lastKnownFileType = sourcecode.c.objc; path = GHDropMenuWaterFallCell.m; sourceTree = "<group>"; };
		D6D3396721E123F8005B86DB /* UILabel+GHome.h */ = {isa = PBXFileReference; lastKnownFileType = sourcecode.c.h; path = "UILabel+GHome.h"; sourceTree = "<group>"; };
		D6D3396821E123F8005B86DB /* UILabel+GHome.m */ = {isa = PBXFileReference; lastKnownFileType = sourcecode.c.objc; path = "UILabel+GHome.m"; sourceTree = "<group>"; };
/* End PBXFileReference section */

/* Begin PBXFrameworksBuildPhase section */
		D650CD7821C35E0D00EC004A /* Frameworks */ = {
			isa = PBXFrameworksBuildPhase;
			buildActionMask = 2147483647;
			files = (
			);
			runOnlyForDeploymentPostprocessing = 0;
		};
/* End PBXFrameworksBuildPhase section */

/* Begin PBXGroup section */
		D650CD7221C35E0D00EC004A = {
			isa = PBXGroup;
			children = (
				D650CDB021C35E1F00EC004A /* GHDropMenu */,
				D650CD7D21C35E0D00EC004A /* GHDropMenuDemo */,
				D650CD7C21C35E0D00EC004A /* Products */,
			);
			sourceTree = "<group>";
		};
		D650CD7C21C35E0D00EC004A /* Products */ = {
			isa = PBXGroup;
			children = (
				D650CD7B21C35E0D00EC004A /* GHDropMenuDemo.app */,
			);
			name = Products;
			sourceTree = "<group>";
		};
		D650CD7D21C35E0D00EC004A /* GHDropMenuDemo */ = {
			isa = PBXGroup;
			children = (
				D6A4ED2D21DA6B160053D14F /* Other */,
				D6A4ECD121D790160053D14F /* Example */,
				D650CD7E21C35E0D00EC004A /* AppDelegate.h */,
				D650CD7F21C35E0D00EC004A /* AppDelegate.m */,
				D6A4ED3021DA6B950053D14F /* main.m */,
				D650CD8121C35E0D00EC004A /* ViewController.h */,
				D650CD8221C35E0D00EC004A /* ViewController.m */,
			);
			path = GHDropMenuDemo;
			sourceTree = "<group>";
		};
		D650CDB021C35E1F00EC004A /* GHDropMenu */ = {
			isa = PBXGroup;
			children = (
				D6A4ED8221DF81700053D14F /* View */,
				D6A4ED7B21DF7CE50053D14F /* Model */,
				D6A4ED6E21DF7B060053D14F /* Category */,
				D6A4ED6D21DF7ADA0053D14F /* Cell */,
				D6A4ED3421DA6ED70053D14F /* README.md */,
				D650CDB121C35E6D00EC004A /* GHDropMenu.h */,
				D650CDB221C35E6D00EC004A /* GHDropMenu.m */,
				D650CDB721C4E76B00EC004A /* GHDropMenuHeader.h */,
			);
			path = GHDropMenu;
			sourceTree = "<group>";
		};
		D6A4ECD121D790160053D14F /* Example */ = {
			isa = PBXGroup;
			children = (
				D6A4ECE821D7AD670053D14F /* BaseVc */,
				D6A4ECF221DA2DFF0053D14F /* 美团外卖筛选菜单 */,
				D6A4ECE121D793560053D14F /* 吸附筛选菜单 */,
				D6A4ECD221D790160053D14F /* 复杂筛选菜单 */,
				D6A4ECD321D790160053D14F /* 侧滑筛选菜单 */,
				D6A4ECD421D790160053D14F /* 普通筛选菜单 */,
			);
			path = Example;
			sourceTree = "<group>";
		};
		D6A4ECD221D790160053D14F /* 复杂筛选菜单 */ = {
			isa = PBXGroup;
			children = (
				D6A4ECD521D7902F0053D14F /* GHComplexMenuViewController.h */,
				D6A4ECD621D7902F0053D14F /* GHComplexMenuViewController.m */,
			);
			path = "复杂筛选菜单";
			sourceTree = "<group>";
		};
		D6A4ECD321D790160053D14F /* 侧滑筛选菜单 */ = {
			isa = PBXGroup;
			children = (
				D6A4ECDB21D7909E0053D14F /* GHSlipMenuViewController.h */,
				D6A4ECDC21D7909E0053D14F /* GHSlipMenuViewController.m */,
			);
			path = "侧滑筛选菜单";
			sourceTree = "<group>";
		};
		D6A4ECD421D790160053D14F /* 普通筛选菜单 */ = {
			isa = PBXGroup;
			children = (
				D6A4ECDE21D791F70053D14F /* GHNormalMenuViewController.h */,
				D6A4ECDF21D791F70053D14F /* GHNormalMenuViewController.m */,
			);
			path = "普通筛选菜单";
			sourceTree = "<group>";
		};
		D6A4ECE121D793560053D14F /* 吸附筛选菜单 */ = {
			isa = PBXGroup;
			children = (
				D6A4ECE221D793720053D14F /* GHSuspendViewController.h */,
				D6A4ECE321D793720053D14F /* GHSuspendViewController.m */,
				D6A4ECE521D79F750053D14F /* GHSuspendHeader.h */,
				D6A4ECE621D79F750053D14F /* GHSuspendHeader.m */,
				D6A4ECEC21D7B2E30053D14F /* GHSuspendItem.h */,
				D6A4ECED21D7B2E30053D14F /* GHSuspendItem.m */,
				D6A4ED6121DCB8DA0053D14F /* GHCollectionReusableView.h */,
				D6A4ED6221DCB8DA0053D14F /* GHCollectionReusableView.m */,
			);
			path = "吸附筛选菜单";
			sourceTree = "<group>";
		};
		D6A4ECE821D7AD670053D14F /* BaseVc */ = {
			isa = PBXGroup;
			children = (
				D6A4ECE921D7AD760053D14F /* GHBaseViewController.h */,
				D6A4ECEA21D7AD760053D14F /* GHBaseViewController.m */,
				D6A4ED3621DA7E090053D14F /* GHBaseNavigationController.h */,
				D6A4ED3721DA7E090053D14F /* GHBaseNavigationController.m */,
			);
			path = BaseVc;
			sourceTree = "<group>";
		};
		D6A4ECF221DA2DFF0053D14F /* 美团外卖筛选菜单 */ = {
			isa = PBXGroup;
			children = (
				D6A4ECF321DA2E270053D14F /* Controller */,
			);
			path = "美团外卖筛选菜单";
			sourceTree = "<group>";
		};
		D6A4ECF321DA2E270053D14F /* Controller */ = {
			isa = PBXGroup;
			children = (
				D6A4ECF621DA2E5C0053D14F /* GHMeituanFoodViewController.h */,
				D6A4ECF721DA2E5C0053D14F /* GHMeituanFoodViewController.m */,
			);
			path = Controller;
			sourceTree = "<group>";
		};
		D6A4ED2D21DA6B160053D14F /* Other */ = {
			isa = PBXGroup;
			children = (
				D650CD8921C35E0E00EC004A /* LaunchScreen.storyboard */,
				D650CD8721C35E0E00EC004A /* Assets.xcassets */,
				D650CD8C21C35E0E00EC004A /* Info.plist */,
			);
			path = Other;
			sourceTree = "<group>";
		};
		D6A4ED6D21DF7ADA0053D14F /* Cell */ = {
			isa = PBXGroup;
			children = (
				D6A4ED7821DF7C120053D14F /* GHDropMenuTitleItem.h */,
				D6A4ED7921DF7C120053D14F /* GHDropMenuTitleItem.m */,
				D6A4ED7F21DF801D0053D14F /* GHDropMenuOptionCell.h */,
				D6A4ED8021DF801D0053D14F /* GHDropMenuOptionCell.m */,
				D6A4ED8621DF839F0053D14F /* GHDropMenuFilterSingleInputItem.h */,
				D6A4ED8721DF839F0053D14F /* GHDropMenuFilterSingleInputItem.m */,
				D6A4ED8921DF84560053D14F /* GHDropMenuFilterInputItem.h */,
				D6A4ED8A21DF84560053D14F /* GHDropMenuFilterInputItem.m */,
				D6A4ED8C21DF84ED0053D14F /* GHDropMenuFilterTagItem.h */,
				D6A4ED8D21DF84ED0053D14F /* GHDropMenuFilterTagItem.m */,
				D6B85A8821F36DF50082EE1D /* GHDropMenuWaterFallCell.h */,
				D6B85A8921F36DF50082EE1D /* GHDropMenuWaterFallCell.m */,
				0476EDD8228643C700B6C55C /* GHDropMenuFilterTimeChoseItem.h */,
				0476EDD9228643C700B6C55C /* GHDropMenuFilterTimeChoseItem.m */,
			);
			path = Cell;
			sourceTree = "<group>";
		};
		D6A4ED6E21DF7B060053D14F /* Category */ = {
			isa = PBXGroup;
			children = (
				D6A4ED8F21DF97B40053D14F /* NSString+Arc4random.h */,
				D6A4ED9021DF97B40053D14F /* NSString+Arc4random.m */,
				D6A4ED7221DF7B550053D14F /* NSArray+Bounds.h */,
				D6A4ED7421DF7B550053D14F /* NSArray+Bounds.m */,
				D6A4ED6F21DF7B550053D14F /* NSString+Size.h */,
				D6A4ED7121DF7B550053D14F /* NSString+Size.m */,
				D6A4ED7321DF7B550053D14F /* UIView+Extension.h */,
				D6A4ED7021DF7B550053D14F /* UIView+Extension.m */,
				D6D3396721E123F8005B86DB /* UILabel+GHome.h */,
				D6D3396821E123F8005B86DB /* UILabel+GHome.m */,
			);
			path = Category;
			sourceTree = "<group>";
		};
		D6A4ED7B21DF7CE50053D14F /* Model */ = {
			isa = PBXGroup;
			children = (
				D6A4ED7C21DF7CFB0053D14F /* GHDropMenuModel.h */,
				D6A4ED7D21DF7CFB0053D14F /* GHDropMenuModel.m */,
			);
			path = Model;
			sourceTree = "<group>";
		};
		D6A4ED8221DF81700053D14F /* View */ = {
			isa = PBXGroup;
			children = (
				0476EDDB22864D9A00B6C55C /* GHCustomAlertView.h */,
				0476EDDE22864D9A00B6C55C /* GHCustomAlertView.m */,
				D6A4ED8321DF819A0053D14F /* GHDropMenuFilterSectionHeader.h */,
				D6A4ED8421DF819A0053D14F /* GHDropMenuFilterSectionHeader.m */,
			);
			path = View;
			sourceTree = "<group>";
		};
/* End PBXGroup section */

/* Begin PBXNativeTarget section */
		D650CD7A21C35E0D00EC004A /* GHDropMenuDemo */ = {
			isa = PBXNativeTarget;
			buildConfigurationList = D650CDA721C35E0E00EC004A /* Build configuration list for PBXNativeTarget "GHDropMenuDemo" */;
			buildPhases = (
				D650CD7721C35E0D00EC004A /* Sources */,
				D650CD7821C35E0D00EC004A /* Frameworks */,
				D650CD7921C35E0D00EC004A /* Resources */,
			);
			buildRules = (
			);
			dependencies = (
			);
			name = GHDropMenuDemo;
			productName = GHDropMenuDemo;
			productReference = D650CD7B21C35E0D00EC004A /* GHDropMenuDemo.app */;
			productType = "com.apple.product-type.application";
		};
/* End PBXNativeTarget section */

/* Begin PBXProject section */
		D650CD7321C35E0D00EC004A /* Project object */ = {
			isa = PBXProject;
			attributes = {
				LastUpgradeCheck = 1010;
				ORGANIZATIONNAME = GHome;
				TargetAttributes = {
					D650CD7A21C35E0D00EC004A = {
						CreatedOnToolsVersion = 10.1;
					};
				};
			};
			buildConfigurationList = D650CD7621C35E0D00EC004A /* Build configuration list for PBXProject "GHDropMenuDemo" */;
			compatibilityVersion = "Xcode 9.3";
			developmentRegion = en;
			hasScannedForEncodings = 0;
			knownRegions = (
				en,
				Base,
			);
			mainGroup = D650CD7221C35E0D00EC004A;
			productRefGroup = D650CD7C21C35E0D00EC004A /* Products */;
			projectDirPath = "";
			projectRoot = "";
			targets = (
				D650CD7A21C35E0D00EC004A /* GHDropMenuDemo */,
			);
		};
/* End PBXProject section */

/* Begin PBXResourcesBuildPhase section */
		D650CD7921C35E0D00EC004A /* Resources */ = {
			isa = PBXResourcesBuildPhase;
			buildActionMask = 2147483647;
			files = (
				D650CD8B21C35E0E00EC004A /* LaunchScreen.storyboard in Resources */,
				D650CD8821C35E0E00EC004A /* Assets.xcassets in Resources */,
				D6A4ED3521DA6ED70053D14F /* README.md in Resources */,
			);
			runOnlyForDeploymentPostprocessing = 0;
		};
/* End PBXResourcesBuildPhase section */

/* Begin PBXSourcesBuildPhase section */
		D650CD7721C35E0D00EC004A /* Sources */ = {
			isa = PBXSourcesBuildPhase;
			buildActionMask = 2147483647;
			files = (
				D6A4ED9121DF97B50053D14F /* NSString+Arc4random.m in Sources */,
				D6A4ED9721E0873B0053D14F /* GHSuspendViewController.m in Sources */,
				D6A4ED3821DA7E090053D14F /* GHBaseNavigationController.m in Sources */,
				D6A4ECF821DA2E5C0053D14F /* GHMeituanFoodViewController.m in Sources */,
				D6A4ED8121DF801D0053D14F /* GHDropMenuOptionCell.m in Sources */,
				D6A4ED3321DA6C720053D14F /* AppDelegate.m in Sources */,
				D6A4ED8521DF819A0053D14F /* GHDropMenuFilterSectionHeader.m in Sources */,
				D6A4ECE721D79F750053D14F /* GHSuspendHeader.m in Sources */,
				D6A4ED9621E087140053D14F /* GHDropMenu.m in Sources */,
				D6A4ED3121DA6B950053D14F /* main.m in Sources */,
				D650CD8321C35E0D00EC004A /* ViewController.m in Sources */,
				D6A4ECEB21D7AD760053D14F /* GHBaseViewController.m in Sources */,
				D6A4ED7A21DF7C120053D14F /* GHDropMenuTitleItem.m in Sources */,
				D6D3396921E123F8005B86DB /* UILabel+GHome.m in Sources */,
				D6A4ED7721DF7B550053D14F /* NSArray+Bounds.m in Sources */,
				0476EDDA228643C700B6C55C /* GHDropMenuFilterTimeChoseItem.m in Sources */,
				0476EDE022864D9A00B6C55C /* GHCustomAlertView.m in Sources */,
				D6A4ECE021D791F70053D14F /* GHNormalMenuViewController.m in Sources */,
				D6A4ED8821DF839F0053D14F /* GHDropMenuFilterSingleInputItem.m in Sources */,
				D6A4ED7621DF7B550053D14F /* NSString+Size.m in Sources */,
				D6A4ECD721D7902F0053D14F /* GHComplexMenuViewController.m in Sources */,
				D6A4ECDD21D7909E0053D14F /* GHSlipMenuViewController.m in Sources */,
				D6A4ECEE21D7B2E30053D14F /* GHSuspendItem.m in Sources */,
				D6A4ED6321DCB8DA0053D14F /* GHCollectionReusableView.m in Sources */,
				D6B85A8A21F36DF50082EE1D /* GHDropMenuWaterFallCell.m in Sources */,
				D6A4ED8B21DF84560053D14F /* GHDropMenuFilterInputItem.m in Sources */,
				D6A4ED7521DF7B550053D14F /* UIView+Extension.m in Sources */,
				D6A4ED8E21DF84ED0053D14F /* GHDropMenuFilterTagItem.m in Sources */,
				D6A4ED7E21DF7CFB0053D14F /* GHDropMenuModel.m in Sources */,
			);
			runOnlyForDeploymentPostprocessing = 0;
		};
/* End PBXSourcesBuildPhase section */

/* Begin PBXVariantGroup section */
		D650CD8921C35E0E00EC004A /* LaunchScreen.storyboard */ = {
			isa = PBXVariantGroup;
			children = (
				D650CD8A21C35E0E00EC004A /* Base */,
			);
			name = LaunchScreen.storyboard;
			sourceTree = "<group>";
		};
/* End PBXVariantGroup section */

/* Begin XCBuildConfiguration section */
		D650CDA521C35E0E00EC004A /* Debug */ = {
			isa = XCBuildConfiguration;
			buildSettings = {
				ALWAYS_SEARCH_USER_PATHS = NO;
				CLANG_ANALYZER_NONNULL = YES;
				CLANG_ANALYZER_NUMBER_OBJECT_CONVERSION = YES_AGGRESSIVE;
				CLANG_CXX_LANGUAGE_STANDARD = "gnu++14";
				CLANG_CXX_LIBRARY = "libc++";
				CLANG_ENABLE_MODULES = YES;
				CLANG_ENABLE_OBJC_ARC = YES;
				CLANG_ENABLE_OBJC_WEAK = YES;
				CLANG_WARN_BLOCK_CAPTURE_AUTORELEASING = YES;
				CLANG_WARN_BOOL_CONVERSION = YES;
				CLANG_WARN_COMMA = YES;
				CLANG_WARN_CONSTANT_CONVERSION = YES;
				CLANG_WARN_DEPRECATED_OBJC_IMPLEMENTATIONS = YES;
				CLANG_WARN_DIRECT_OBJC_ISA_USAGE = YES_ERROR;
				CLANG_WARN_DOCUMENTATION_COMMENTS = YES;
				CLANG_WARN_EMPTY_BODY = YES;
				CLANG_WARN_ENUM_CONVERSION = YES;
				CLANG_WARN_INFINITE_RECURSION = YES;
				CLANG_WARN_INT_CONVERSION = YES;
				CLANG_WARN_NON_LITERAL_NULL_CONVERSION = YES;
				CLANG_WARN_OBJC_IMPLICIT_RETAIN_SELF = YES;
				CLANG_WARN_OBJC_LITERAL_CONVERSION = YES;
				CLANG_WARN_OBJC_ROOT_CLASS = YES_ERROR;
				CLANG_WARN_RANGE_LOOP_ANALYSIS = YES;
				CLANG_WARN_STRICT_PROTOTYPES = YES;
				CLANG_WARN_SUSPICIOUS_MOVE = YES;
				CLANG_WARN_UNGUARDED_AVAILABILITY = YES_AGGRESSIVE;
				CLANG_WARN_UNREACHABLE_CODE = YES;
				CLANG_WARN__DUPLICATE_METHOD_MATCH = YES;
				CODE_SIGN_IDENTITY = "iPhone Developer";
				COPY_PHASE_STRIP = NO;
				DEBUG_INFORMATION_FORMAT = dwarf;
				ENABLE_STRICT_OBJC_MSGSEND = YES;
				ENABLE_TESTABILITY = YES;
				GCC_C_LANGUAGE_STANDARD = gnu11;
				GCC_DYNAMIC_NO_PIC = NO;
				GCC_NO_COMMON_BLOCKS = YES;
				GCC_OPTIMIZATION_LEVEL = 0;
				GCC_PREPROCESSOR_DEFINITIONS = (
					"DEBUG=1",
					"$(inherited)",
				);
				GCC_WARN_64_TO_32_BIT_CONVERSION = YES;
				GCC_WARN_ABOUT_RETURN_TYPE = YES_ERROR;
				GCC_WARN_UNDECLARED_SELECTOR = YES;
				GCC_WARN_UNINITIALIZED_AUTOS = YES_AGGRESSIVE;
				GCC_WARN_UNUSED_FUNCTION = YES;
				GCC_WARN_UNUSED_VARIABLE = YES;
				IPHONEOS_DEPLOYMENT_TARGET = 12.1;
				MTL_ENABLE_DEBUG_INFO = INCLUDE_SOURCE;
				MTL_FAST_MATH = YES;
				ONLY_ACTIVE_ARCH = YES;
				SDKROOT = iphoneos;
			};
			name = Debug;
		};
		D650CDA621C35E0E00EC004A /* Release */ = {
			isa = XCBuildConfiguration;
			buildSettings = {
				ALWAYS_SEARCH_USER_PATHS = NO;
				CLANG_ANALYZER_NONNULL = YES;
				CLANG_ANALYZER_NUMBER_OBJECT_CONVERSION = YES_AGGRESSIVE;
				CLANG_CXX_LANGUAGE_STANDARD = "gnu++14";
				CLANG_CXX_LIBRARY = "libc++";
				CLANG_ENABLE_MODULES = YES;
				CLANG_ENABLE_OBJC_ARC = YES;
				CLANG_ENABLE_OBJC_WEAK = YES;
				CLANG_WARN_BLOCK_CAPTURE_AUTORELEASING = YES;
				CLANG_WARN_BOOL_CONVERSION = YES;
				CLANG_WARN_COMMA = YES;
				CLANG_WARN_CONSTANT_CONVERSION = YES;
				CLANG_WARN_DEPRECATED_OBJC_IMPLEMENTATIONS = YES;
				CLANG_WARN_DIRECT_OBJC_ISA_USAGE = YES_ERROR;
				CLANG_WARN_DOCUMENTATION_COMMENTS = YES;
				CLANG_WARN_EMPTY_BODY = YES;
				CLANG_WARN_ENUM_CONVERSION = YES;
				CLANG_WARN_INFINITE_RECURSION = YES;
				CLANG_WARN_INT_CONVERSION = YES;
				CLANG_WARN_NON_LITERAL_NULL_CONVERSION = YES;
				CLANG_WARN_OBJC_IMPLICIT_RETAIN_SELF = YES;
				CLANG_WARN_OBJC_LITERAL_CONVERSION = YES;
				CLANG_WARN_OBJC_ROOT_CLASS = YES_ERROR;
				CLANG_WARN_RANGE_LOOP_ANALYSIS = YES;
				CLANG_WARN_STRICT_PROTOTYPES = YES;
				CLANG_WARN_SUSPICIOUS_MOVE = YES;
				CLANG_WARN_UNGUARDED_AVAILABILITY = YES_AGGRESSIVE;
				CLANG_WARN_UNREACHABLE_CODE = YES;
				CLANG_WARN__DUPLICATE_METHOD_MATCH = YES;
				CODE_SIGN_IDENTITY = "iPhone Developer";
				COPY_PHASE_STRIP = NO;
				DEBUG_INFORMATION_FORMAT = "dwarf-with-dsym";
				ENABLE_NS_ASSERTIONS = NO;
				ENABLE_STRICT_OBJC_MSGSEND = YES;
				GCC_C_LANGUAGE_STANDARD = gnu11;
				GCC_NO_COMMON_BLOCKS = YES;
				GCC_WARN_64_TO_32_BIT_CONVERSION = YES;
				GCC_WARN_ABOUT_RETURN_TYPE = YES_ERROR;
				GCC_WARN_UNDECLARED_SELECTOR = YES;
				GCC_WARN_UNINITIALIZED_AUTOS = YES_AGGRESSIVE;
				GCC_WARN_UNUSED_FUNCTION = YES;
				GCC_WARN_UNUSED_VARIABLE = YES;
				IPHONEOS_DEPLOYMENT_TARGET = 12.1;
				MTL_ENABLE_DEBUG_INFO = NO;
				MTL_FAST_MATH = YES;
				SDKROOT = iphoneos;
				VALIDATE_PRODUCT = YES;
			};
			name = Release;
		};
		D650CDA821C35E0E00EC004A /* Debug */ = {
			isa = XCBuildConfiguration;
			buildSettings = {
				ASSETCATALOG_COMPILER_APPICON_NAME = AppIcon;
				ASSETCATALOG_COMPILER_LAUNCHIMAGE_NAME = LaunchImage;
				CODE_SIGN_STYLE = Automatic;
				DEVELOPMENT_TEAM = KZ9JB9ZT4S;
				GCC_PREPROCESSOR_DEFINITIONS = (
					"DEBUG=1",
					"$(inherited)",
					DEVELOPMENT0,
				);
				INFOPLIST_FILE = "$(SRCROOT)/GHDropMenuDemo/Other/Info.plist";
				IPHONEOS_DEPLOYMENT_TARGET = 10.3;
				LD_RUNPATH_SEARCH_PATHS = (
					"$(inherited)",
					"@executable_path/Frameworks",
				);
				PRODUCT_BUNDLE_IDENTIFIER = GHome.GHDropMenuDemo;
				PRODUCT_NAME = "$(TARGET_NAME)";
				TARGETED_DEVICE_FAMILY = "1,2";
			};
			name = Debug;
		};
		D650CDA921C35E0E00EC004A /* Release */ = {
			isa = XCBuildConfiguration;
			buildSettings = {
				ASSETCATALOG_COMPILER_APPICON_NAME = AppIcon;
				ASSETCATALOG_COMPILER_LAUNCHIMAGE_NAME = LaunchImage;
				CODE_SIGN_STYLE = Automatic;
				DEVELOPMENT_TEAM = KZ9JB9ZT4S;
				GCC_PREPROCESSOR_DEFINITIONS = DEVELOPMENT0;
				INFOPLIST_FILE = "$(SRCROOT)/GHDropMenuDemo/Other/Info.plist";
				IPHONEOS_DEPLOYMENT_TARGET = 10.3;
				LD_RUNPATH_SEARCH_PATHS = (
					"$(inherited)",
					"@executable_path/Frameworks",
				);
				PRODUCT_BUNDLE_IDENTIFIER = GHome.GHDropMenuDemo;
				PRODUCT_NAME = "$(TARGET_NAME)";
				TARGETED_DEVICE_FAMILY = "1,2";
			};
			name = Release;
		};
/* End XCBuildConfiguration section */

/* Begin XCConfigurationList section */
		D650CD7621C35E0D00EC004A /* Build configuration list for PBXProject "GHDropMenuDemo" */ = {
			isa = XCConfigurationList;
			buildConfigurations = (
				D650CDA521C35E0E00EC004A /* Debug */,
				D650CDA621C35E0E00EC004A /* Release */,
			);
			defaultConfigurationIsVisible = 0;
			defaultConfigurationName = Release;
		};
		D650CDA721C35E0E00EC004A /* Build configuration list for PBXNativeTarget "GHDropMenuDemo" */ = {
			isa = XCConfigurationList;
			buildConfigurations = (
				D650CDA821C35E0E00EC004A /* Debug */,
				D650CDA921C35E0E00EC004A /* Release */,
			);
			defaultConfigurationIsVisible = 0;
			defaultConfigurationName = Release;
		};
/* End XCConfigurationList section */
	};
	rootObject = D650CD7321C35E0D00EC004A /* Project object */;
}
